
Microsoft Visual Studio Solution File, Format Version 12.00
# Visual Studio Version 17
VisualStudioVersion = 17.2.32516.85
MinimumVisualStudioVersion = 10.0.40219.1
Project("{FAE04EC0-301F-11D3-BF4B-00C04F79EFBC}") = "SpaceShooter", "SpaceShooter\SpaceShooter.csproj", "{60B456A9-AB10-44EE-9549-B83D73FEC783}"
EndProject
Global
	GlobalSection(SolutionConfigurationPlatforms) = preSolution
		Debug|Any CPU = Debug|Any CPU
		Release|Any CPU = Release|Any CPU
	EndGlobalSection
	GlobalSection(ProjectConfigurationPlatforms) = postSolution
		{60B456A9-AB10-44EE-9549-B83D73FEC783}.Debug|Any CPU.ActiveCfg = Debug|Any CPU
		{60B456A9-AB10-44EE-9549-B83D73FEC783}.Debug|Any CPU.Build.0 = Debug|Any CPU
		{60B456A9-AB10-44EE-9549-B83D73FEC783}.Release|Any CPU.ActiveCfg = Release|Any CPU
		{60B456A9-AB10-44EE-9549-B83D73FEC783}.Release|Any CPU.Build.0 = Release|Any CPU
	EndGlobalSection
	GlobalSection(SolutionProperties) = preSolution
		HideSolutionNode = FALSE
	EndGlobalSection
	GlobalSection(ExtensibilityGlobals) = postSolution
		SolutionGuid = {D83C8858-7771-45EC-86A5-8CE6D563F73B}
	EndGlobalSection
EndGlobal
